Microsoft Visual Studio Solution File, Format Version 12.00
# Visual Studio Version 17
VisualStudioVersion = 17.5.2.0
MinimumVisualStudioVersion = 10.0.40219.1
Project("{FAE04EC0-301F-11D3-BF4B-00C04F79EFBC}") = "dotnet8-sample", "dotnet8-sample.csproj", "{8C6A609E-09C6-0309-A948-D8006D791B0C}"
EndProject
Global
	GlobalSection(SolutionConfigurationPlatforms) = preSolution
		Debug|Any CPU = Debug|Any CPU
		Release|Any CPU = Release|Any CPU
	EndGlobalSection
	GlobalSection(ProjectConfigurationPlatforms) = postSolution
		{8C6A609E-09C6-0309-A948-D8006D791B0C}.Debug|Any CPU.ActiveCfg = Debug|Any CPU
		{8C6A609E-09C6-0309-A948-D8006D791B0C}.Debug|Any CPU.Build.0 = Debug|Any CPU
		{8C6A609E-09C6-0309-A948-D8006D791B0C}.Release|Any CPU.ActiveCfg = Release|Any CPU
		{8C6A609E-09C6-0309-A948-D8006D791B0C}.Release|Any CPU.Build.0 = Release|Any CPU
	EndGlobalSection
	GlobalSection(SolutionProperties) = preSolution
		HideSolutionNode = FALSE
	EndGlobalSection
	GlobalSection(ExtensibilityGlobals) = postSolution
		SolutionGuid = {8DAAC6F1-F170-4CD6-A6DF-FF207E10E467}
	EndGlobalSection
EndGlobal
